
Microsoft Visual Studio Solution File, Format Version 12.00
# Visual Studio Version 16
VisualStudioVersion = 16.0.31702.278
MinimumVisualStudioVersion = 10.0.40219.1
Project("{FAE04EC0-301F-11D3-BF4B-00C04F79EFBC}") = "ClientRest_20190140026_Muhammad Risqullah Zarvino", "ClientRest_20190140026_Muhammad Risqullah Zarvino\ClientRest_20190140026_Muhammad Risqullah Zarvino.csproj", "{1A9068C4-659B-4F65-8FBB-DA1DF38FD27A}"
EndProject
Global
	GlobalSection(SolutionConfigurationPlatforms) = preSolution
		Debug|Any CPU = Debug|Any CPU
		Release|Any CPU = Release|Any CPU
	EndGlobalSection
	GlobalSection(ProjectConfigurationPlatforms) = postSolution
		{1A9068C4-659B-4F65-8FBB-DA1DF38FD27A}.Debug|Any CPU.ActiveCfg = Debug|Any CPU
		{1A9068C4-659B-4F65-8FBB-DA1DF38FD27A}.Debug|Any CPU.Build.0 = Debug|Any CPU
		{1A9068C4-659B-4F65-8FBB-DA1DF38FD27A}.Release|Any CPU.ActiveCfg = Release|Any CPU
		{1A9068C4-659B-4F65-8FBB-DA1DF38FD27A}.Release|Any CPU.Build.0 = Release|Any CPU
	EndGlobalSection
	GlobalSection(SolutionProperties) = preSolution
		HideSolutionNode = FALSE
	EndGlobalSection
	GlobalSection(ExtensibilityGlobals) = postSolution
		SolutionGuid = {33D1F8B6-693E-4DAB-9A19-36A41F21947C}
	EndGlobalSection
EndGlobal
